{
  "name": "pronom-website",
  "version": "1.0.0",
  "lockfileVersion": 3,
  "requires": true,
  "packages": {
    "": {
      "name": "pronom-website",
      "dependencies": {
        "@nationalarchives/frontend": "0.31.0"
      }
    },
    "node_modules/@fortawesome/fontawesome-free": {
      "version": "7.0.1",
      "resolved": "https://registry.npmjs.org/@fortawesome/fontawesome-free/-/fontawesome-free-7.0.1.tgz",
      "integrity": "sha512-RLmb9U6H2rJDnGxEqXxzy7ANPrQz7WK2/eTjdZqyU9uRU5W+FkAec9uU5gTYzFBH7aoXIw2WTJSCJR4KPlReQw==",
      "license": "(CC-BY-4.0 AND OFL-1.1 AND MIT)",
      "engines": {
        "node": ">=6"
      }
    },
    "node_modules/@nationalarchives/frontend": {
      "version": "0.31.0",
      "resolved": "https://registry.npmjs.org/@nationalarchives/frontend/-/frontend-0.31.0.tgz",
      "integrity": "sha512-aKUy1Pur5BIVD1TiyAMP6FB05g1RGrEvmnoSc+4MMleGS77gNDHRghV7yxtMIUao4OM/ruSLg1gC3azLWl1L0w==",
      "license": "MIT",
      "dependencies": {
        "@fortawesome/fontawesome-free": "^7.0.1"
      }
    }
  }
}
