# This file is automatically @generated by Poetry 2.3.2 and should not be changed by hand.

[[package]]
name = "boto3"
version = "1.42.46"
description = "The AWS SDK for Python"
optional = false
python-versions = ">=3.9"
groups = ["main"]
files = [
    {file = "boto3-1.42.46-py3-none-any.whl", hash = "sha256:679cf4930e559621653bbd1439cf6e93b138cbaf46e36e5d7d95319999b7a356"},
    {file = "boto3-1.42.46.tar.gz", hash = "sha256:c8c82ab34dd8d2d4d93a562d0e75fca164efa644651d3ccddb0f4aa88a481b38"},
]

[package.dependencies]
botocore = ">=1.42.46,<1.43.0"
jmespath = ">=0.7.1,<2.0.0"
s3transfer = ">=0.16.0,<0.17.0"

[package.extras]
crt = ["botocore[crt] (>=1.21.0,<2.0a0)"]

[[package]]
name = "botocore"
version = "1.42.46"
description = "Low-level, data-driven core of boto 3."
optional = false
python-versions = ">=3.9"
groups = ["main"]
files = [
    {file = "botocore-1.42.46-py3-none-any.whl", hash = "sha256:f7459fcf586f38a3b0a242a172d3332141c770a3f5767bbb21e79d810db95d75"},
    {file = "botocore-1.42.46.tar.gz", hash = "sha256:fc290b33aba6e271f627c4f46b8bcebfa1a94e19157d396732da417404158c01"},
]

[package.dependencies]
jmespath = ">=0.7.1,<2.0.0"
python-dateutil = ">=2.1,<3.0.0"
urllib3 = {version = ">=1.25.4,<2.2.0 || >2.2.0,<3", markers = "python_version >= \"3.10\""}

[package.extras]
crt = ["awscrt (==0.29.2)"]

[[package]]
name = "fastcore"
version = "1.12.12"
description = "Python supercharged for fastai development"
optional = false
python-versions = ">=3.10"
groups = ["main"]
files = [
    {file = "fastcore-1.12.12-py3-none-any.whl", hash = "sha256:bb1a3a3accd62a72bad56af974e0617af078316be5bb5dcc8763b8244c197fa8"},
    {file = "fastcore-1.12.12.tar.gz", hash = "sha256:a113d70630e7aa4e28ceebc4311f1c7c2dc0b748cc138ab7f5c53e475ff438bc"},
]

[package.extras]
dev = ["llms-txt", "matplotlib", "nbclassic", "nbdev (>=0.2.39)", "numpy", "pandas", "pillow", "plum-dispatch", "pysymbol_llm", "toolslm", "torch"]

[[package]]
name = "ghapi"
version = "1.0.10"
description = "A python client for the GitHub API"
optional = false
python-versions = ">=3.7"
groups = ["main"]
files = [
    {file = "ghapi-1.0.10-py3-none-any.whl", hash = "sha256:3feeda6b174dbe9320912956b0e0e2b306d85245ca9dd961fe8d3ea9b157d01d"},
    {file = "ghapi-1.0.10.tar.gz", hash = "sha256:3a4d35e2da90a861c9b257f2ae509a8c103fd46ca5b3ed6bab8e72c9a519386c"},
]

[package.dependencies]
fastcore = ">=1.7.2"
packaging = "*"

[package.extras]
dev = ["jsonref", "llms-txt", "matplotlib", "nbclassic", "nbdev", "pysymbol_llm"]

[[package]]
name = "jmespath"
version = "1.1.0"
description = "JSON Matching Expressions"
optional = false
python-versions = ">=3.9"
groups = ["main"]
files = [
    {file = "jmespath-1.1.0-py3-none-any.whl", hash = "sha256:a5663118de4908c91729bea0acadca56526eb2698e83de10cd116ae0f4e97c64"},
    {file = "jmespath-1.1.0.tar.gz", hash = "sha256:472c87d80f36026ae83c6ddd0f1d05d4e510134ed462851fd5f754c8c3cbb88d"},
]

[[package]]
name = "packaging"
version = "26.0"
description = "Core utilities for Python packages"
optional = false
python-versions = ">=3.8"
groups = ["main"]
files = [
    {file = "packaging-26.0-py3-none-any.whl", hash = "sha256:b36f1fef9334a5588b4166f8bcd26a14e521f2b55e6b9de3aaa80d3ff7a37529"},
    {file = "packaging-26.0.tar.gz", hash = "sha256:00243ae351a257117b6a241061796684b084ed1c516a08c48a3f7e147a9d80b4"},
]

[[package]]
name = "python-dateutil"
version = "2.9.0.post0"
description = "Extensions to the standard Python datetime module"
optional = false
python-versions = "!=3.0.*,!=3.1.*,!=3.2.*,>=2.7"
groups = ["main"]
files = [
    {file = "python-dateutil-2.9.0.post0.tar.gz", hash = "sha256:37dd54208da7e1cd875388217d5e00ebd4179249f90fb72437e91a35459a0ad3"},
    {file = "python_dateutil-2.9.0.post0-py2.py3-none-any.whl", hash = "sha256:a8b2bc7bffae282281c8140a97d3aa9c14da0b136dfe83f850eea9a5f7470427"},
]

[package.dependencies]
six = ">=1.5"

[[package]]
name = "s3transfer"
version = "0.16.0"
description = "An Amazon S3 Transfer Manager"
optional = false
python-versions = ">=3.9"
groups = ["main"]
files = [
    {file = "s3transfer-0.16.0-py3-none-any.whl", hash = "sha256:18e25d66fed509e3868dc1572b3f427ff947dd2c56f844a5bf09481ad3f3b2fe"},
    {file = "s3transfer-0.16.0.tar.gz", hash = "sha256:8e990f13268025792229cd52fa10cb7163744bf56e719e0b9cb925ab79abf920"},
]

[package.dependencies]
botocore = ">=1.37.4,<2.0a0"

[package.extras]
crt = ["botocore[crt] (>=1.37.4,<2.0a0)"]

[[package]]
name = "six"
version = "1.17.0"
description = "Python 2 and 3 compatibility utilities"
optional = false
python-versions = "!=3.0.*,!=3.1.*,!=3.2.*,>=2.7"
groups = ["main"]
files = [
    {file = "six-1.17.0-py2.py3-none-any.whl", hash = "sha256:4721f391ed90541fddacab5acf947aa0d3dc7d27b2e1e8eda2be8970586c3274"},
    {file = "six-1.17.0.tar.gz", hash = "sha256:ff70335d468e7eb6ec65b95b99d3a2836546063f63acc5171de367e834932a81"},
]

[[package]]
name = "urllib3"
version = "2.6.3"
description = "HTTP library with thread-safe connection pooling, file post, and more."
optional = false
python-versions = ">=3.9"
groups = ["main"]
files = [
    {file = "urllib3-2.6.3-py3-none-any.whl", hash = "sha256:bf272323e553dfb2e87d9bfd225ca7b0f467b919d7bbd355436d3fd37cb0acd4"},
    {file = "urllib3-2.6.3.tar.gz", hash = "sha256:1b62b6884944a57dbe321509ab94fd4d3b307075e0c2eae991ac71ee15ad38ed"},
]

[package.extras]
brotli = ["brotli (>=1.2.0) ; platform_python_implementation == \"CPython\"", "brotlicffi (>=1.2.0.0) ; platform_python_implementation != \"CPython\""]
h2 = ["h2 (>=4,<5)"]
socks = ["pysocks (>=1.5.6,!=1.5.7,<2.0)"]
zstd = ["backports-zstd (>=1.0.0) ; python_version < \"3.14\""]

[metadata]
lock-version = "2.1"
python-versions = ">=3.12"
content-hash = "7b526d15c751a883fafb65faceb29f134f989d25113000fafeceaa3b034a55ce"
